
Microsoft Visual Studio Solution File, Format Version 12.00
Project("{FAE04EC0-301F-11D3-BF4B-00C04F79EFBC}") = "csharp-dotnet-8", "csharp-dotnet-8.csproj", "{B6367443-CB8E-4F58-A181-7E01073C6390}"
EndProject
Global
	GlobalSection(SolutionConfigurationPlatforms) = preSolution
		Debug|Any CPU = Debug|Any CPU
		Release|Any CPU = Release|Any CPU
	EndGlobalSection
	GlobalSection(ProjectConfigurationPlatforms) = postSolution
		{B6367443-CB8E-4F58-A181-7E01073C6390}.Debug|Any CPU.ActiveCfg = Debug|Any CPU
		{B6367443-CB8E-4F58-A181-7E01073C6390}.Debug|Any CPU.Build.0 = Debug|Any CPU
		{B6367443-CB8E-4F58-A181-7E01073C6390}.Release|Any CPU.ActiveCfg = Release|Any CPU
		{B6367443-CB8E-4F58-A181-7E01073C6390}.Release|Any CPU.Build.0 = Release|Any CPU
	EndGlobalSection
EndGlobal
